
Microsoft Visual Studio Solution File, Format Version 12.00
# Visual Studio Version 17
VisualStudioVersion = 17.5.002.0
MinimumVisualStudioVersion = 10.0.40219.1
Project("{9A19103F-16F7-4668-BE54-9A1E7A4F7556}") = "EventManagementSystem.API", "EventManagementSystem.API.csproj", "{DD85184D-23D0-4C9F-A4AC-A913DAE96FA2}"
EndProject
Global
	GlobalSection(SolutionConfigurationPlatforms) = preSolution
		Debug|Any CPU = Debug|Any CPU
		Release|Any CPU = Release|Any CPU
	EndGlobalSection
	GlobalSection(ProjectConfigurationPlatforms) = postSolution
		{DD85184D-23D0-4C9F-A4AC-A913DAE96FA2}.Debug|Any CPU.ActiveCfg = Debug|Any CPU
		{DD85184D-23D0-4C9F-A4AC-A913DAE96FA2}.Debug|Any CPU.Build.0 = Debug|Any CPU
		{DD85184D-23D0-4C9F-A4AC-A913DAE96FA2}.Release|Any CPU.ActiveCfg = Release|Any CPU
		{DD85184D-23D0-4C9F-A4AC-A913DAE96FA2}.Release|Any CPU.Build.0 = Release|Any CPU
	EndGlobalSection
	GlobalSection(SolutionProperties) = preSolution
		HideSolutionNode = FALSE
	EndGlobalSection
	GlobalSection(ExtensibilityGlobals) = postSolution
		SolutionGuid = {CBFA694B-8B65-4F30-817B-12EF7D8CE469}
	EndGlobalSection
EndGlobal
